
Microsoft Visual Studio Solution File, Format Version 12.00
# Visual Studio Version 16
VisualStudioVersion = 16.6.30114.105
MinimumVisualStudioVersion = 10.0.40219.1
Project("{FAE04EC0-301F-11D3-BF4B-00C04F79EFBC}") = "LibCustomStory.Core", "LibCustomStory.Core\LibCustomStory.Core.csproj", "{A3D6BF0F-6618-4816-800B-3FD9A475028B}"
EndProject
Project("{FAE04EC0-301F-11D3-BF4B-00C04F79EFBC}") = "LibCustomStory.Tests", "LibCustomStory.Tests\LibCustomStory.Tests.csproj", "{A3C6A508-471E-4E1D-A525-B323BD09B904}"
EndProject
Global
	GlobalSection(SolutionConfigurationPlatforms) = preSolution
		Debug|Any CPU = Debug|Any CPU
		Debug|x64 = Debug|x64
		Debug|x86 = Debug|x86
		Release|Any CPU = Release|Any CPU
		Release|x64 = Release|x64
		Release|x86 = Release|x86
	EndGlobalSection
	GlobalSection(SolutionProperties) = preSolution
		HideSolutionNode = FALSE
	EndGlobalSection
	GlobalSection(ProjectConfigurationPlatforms) = postSolution
		{A3D6BF0F-6618-4816-800B-3FD9A475028B}.Debug|Any CPU.ActiveCfg = Debug|Any CPU
		{A3D6BF0F-6618-4816-800B-3FD9A475028B}.Debug|Any CPU.Build.0 = Debug|Any CPU
		{A3D6BF0F-6618-4816-800B-3FD9A475028B}.Debug|x64.ActiveCfg = Debug|Any CPU
		{A3D6BF0F-6618-4816-800B-3FD9A475028B}.Debug|x64.Build.0 = Debug|Any CPU
		{A3D6BF0F-6618-4816-800B-3FD9A475028B}.Debug|x86.ActiveCfg = Debug|Any CPU
		{A3D6BF0F-6618-4816-800B-3FD9A475028B}.Debug|x86.Build.0 = Debug|Any CPU
		{A3D6BF0F-6618-4816-800B-3FD9A475028B}.Release|Any CPU.ActiveCfg = Release|Any CPU
		{A3D6BF0F-6618-4816-800B-3FD9A475028B}.Release|Any CPU.Build.0 = Release|Any CPU
		{A3D6BF0F-6618-4816-800B-3FD9A475028B}.Release|x64.ActiveCfg = Release|Any CPU
		{A3D6BF0F-6618-4816-800B-3FD9A475028B}.Release|x64.Build.0 = Release|Any CPU
		{A3D6BF0F-6618-4816-800B-3FD9A475028B}.Release|x86.ActiveCfg = Release|Any CPU
		{A3D6BF0F-6618-4816-800B-3FD9A475028B}.Release|x86.Build.0 = Release|Any CPU
		{A3C6A508-471E-4E1D-A525-B323BD09B904}.Debug|Any CPU.ActiveCfg = Debug|Any CPU
		{A3C6A508-471E-4E1D-A525-B323BD09B904}.Debug|Any CPU.Build.0 = Debug|Any CPU
		{A3C6A508-471E-4E1D-A525-B323BD09B904}.Debug|x64.ActiveCfg = Debug|Any CPU
		{A3C6A508-471E-4E1D-A525-B323BD09B904}.Debug|x64.Build.0 = Debug|Any CPU
		{A3C6A508-471E-4E1D-A525-B323BD09B904}.Debug|x86.ActiveCfg = Debug|Any CPU
		{A3C6A508-471E-4E1D-A525-B323BD09B904}.Debug|x86.Build.0 = Debug|Any CPU
		{A3C6A508-471E-4E1D-A525-B323BD09B904}.Release|Any CPU.ActiveCfg = Release|Any CPU
		{A3C6A508-471E-4E1D-A525-B323BD09B904}.Release|Any CPU.Build.0 = Release|Any CPU
		{A3C6A508-471E-4E1D-A525-B323BD09B904}.Release|x64.ActiveCfg = Release|Any CPU
		{A3C6A508-471E-4E1D-A525-B323BD09B904}.Release|x64.Build.0 = Release|Any CPU
		{A3C6A508-471E-4E1D-A525-B323BD09B904}.Release|x86.ActiveCfg = Release|Any CPU
		{A3C6A508-471E-4E1D-A525-B323BD09B904}.Release|x86.Build.0 = Release|Any CPU
	EndGlobalSection
EndGlobal
